
Microsoft Visual Studio Solution File, Format Version 12.00
# Visual Studio 2013
VisualStudioVersion = 12.0.21005.1
MinimumVisualStudioVersion = 10.0.40219.1
Project("{8BC9CEB8-8B4A-11D0-8D11-00A0C91BC942}") = "listcol", "listcol.vcxproj", "{AAE0C202-9684-4FD6-A045-B49E0351E797}"
EndProject
Project("{8BC9CEB8-8B4A-11D0-8D11-00A0C91BC942}") = "geninst", "geninst.vcxproj", "{7A8F28E4-568C-4E0D-BA90-6FD4930A5A1A}"
EndProject
Global
	GlobalSection(SolutionConfigurationPlatforms) = preSolution
		Debug|x64 = Debug|x64
		Release|x64 = Release|x64
	EndGlobalSection
	GlobalSection(ProjectConfigurationPlatforms) = postSolution
		{AAE0C202-9684-4FD6-A045-B49E0351E797}.Debug|x64.ActiveCfg = Debug|x64
		{AAE0C202-9684-4FD6-A045-B49E0351E797}.Debug|x64.Build.0 = Debug|x64
		{AAE0C202-9684-4FD6-A045-B49E0351E797}.Release|x64.ActiveCfg = Release|x64
		{AAE0C202-9684-4FD6-A045-B49E0351E797}.Release|x64.Build.0 = Release|x64
		{7A8F28E4-568C-4E0D-BA90-6FD4930A5A1A}.Debug|x64.ActiveCfg = Debug|x64
		{7A8F28E4-568C-4E0D-BA90-6FD4930A5A1A}.Debug|x64.Build.0 = Debug|x64
		{7A8F28E4-568C-4E0D-BA90-6FD4930A5A1A}.Release|x64.ActiveCfg = Release|x64
		{7A8F28E4-568C-4E0D-BA90-6FD4930A5A1A}.Release|x64.Build.0 = Release|x64
	EndGlobalSection
	GlobalSection(SolutionProperties) = preSolution
		HideSolutionNode = FALSE
	EndGlobalSection
EndGlobal
